
Microsoft Visual Studio Solution File, Format Version 12.00
# Visual Studio 15
VisualStudioVersion = 15.0.26124.0
MinimumVisualStudioVersion = 15.0.26124.0
Project("{FAE04EC0-301F-11D3-BF4B-00C04F79EFBC}") = "Penguin.Cms.Web.Security.Services.Local", "Penguin.Cms.Web.Security.Services.Local.csproj", "{02508C8B-29EB-4C3E-BA4B-FC2727886012}"
EndProject
Project("{FAE04EC0-301F-11D3-BF4B-00C04F79EFBC}") = "Penguin.Cms.Security.Local", "..\Penguin.Cms.Security\Penguin.Cms.Security.Local.csproj", "{C831EF53-FFB4-443E-AC51-086F9AAF3D08}"
EndProject
Project("{FAE04EC0-301F-11D3-BF4B-00C04F79EFBC}") = "Penguin.Auditing.Abstractions.Local", "..\Penguin.Auditing.Abstractions\Penguin.Auditing.Abstractions.Local.csproj", "{FE967283-1E54-426D-8CD3-07395DE77E27}"
EndProject
Project("{FAE04EC0-301F-11D3-BF4B-00C04F79EFBC}") = "Penguin.Cms.Abstractions.Local", "..\Penguin.Cms.Abstractions\Penguin.Cms.Abstractions.Local.csproj", "{2D9DE55A-DF0B-428A-B6D2-444660842A7A}"
EndProject
Project("{FAE04EC0-301F-11D3-BF4B-00C04F79EFBC}") = "Penguin.DependencyInjection.Abstractions.Local", "..\Penguin.DependencyInjection.Abstractions\Penguin.DependencyInjection.Abstractions.Local.csproj", "{99000CBA-E6F3-4384-A54E-556EE7ED8A80}"
EndProject
Project("{FAE04EC0-301F-11D3-BF4B-00C04F79EFBC}") = "Penguin.Persistence.Abstractions.Local", "..\Penguin.Persistence.Abstractions\Penguin.Persistence.Abstractions.Local.csproj", "{0D77B3CF-CABC-4B44-9686-A1A2DD3304F7}"
EndProject
Project("{FAE04EC0-301F-11D3-BF4B-00C04F79EFBC}") = "Penguin.Entities.Abstractions.Local", "..\Penguin.Entities.Abstractions\Penguin.Entities.Abstractions.Local.csproj", "{96427FFD-802A-4C32-AAB2-5149F37640C4}"
EndProject
Project("{FAE04EC0-301F-11D3-BF4B-00C04F79EFBC}") = "Penguin.Reflection.Extensions.Local", "..\Penguin.Reflection.Extensions\Penguin.Reflection.Extensions.Local.csproj", "{27345375-8302-46CD-BD59-0D123281D7F3}"
EndProject
Project("{FAE04EC0-301F-11D3-BF4B-00C04F79EFBC}") = "Penguin.Extensions.String.Local", "..\Penguin.Extensions.String\Penguin.Extensions.String.Local.csproj", "{C90649B0-65BE-4F51-BCB6-ECAA115C3DB9}"
EndProject
Project("{FAE04EC0-301F-11D3-BF4B-00C04F79EFBC}") = "Penguin.Reflection.Abstractions.Local", "..\Penguin.Reflection.Abstractions\Penguin.Reflection.Abstractions.Local.csproj", "{390AF9D3-2DA1-4B27-B040-18448117DD97}"
EndProject
Project("{FAE04EC0-301F-11D3-BF4B-00C04F79EFBC}") = "Penguin.Cms.Email.Abstractions.Local", "..\Penguin.Cms.Email.Abstractions\Penguin.Cms.Email.Abstractions.Local.csproj", "{5809DAC2-83B8-4F41-AB10-0487802DEFAD}"
EndProject
Project("{FAE04EC0-301F-11D3-BF4B-00C04F79EFBC}") = "Penguin.Email.Abstractions.Local", "..\Penguin.Email.Abstractions\Penguin.Email.Abstractions.Local.csproj", "{3CEA31D4-A968-4FFA-8DA1-E896EF4F2656}"
EndProject
Project("{FAE04EC0-301F-11D3-BF4B-00C04F79EFBC}") = "Penguin.Files.Abstractions.Local", "..\Penguin.Files.Abstractions\Penguin.Files.Abstractions.Local.csproj", "{B7CC5ADA-30A8-4D2C-B649-E3D4DA428BBE}"
EndProject
Project("{FAE04EC0-301F-11D3-BF4B-00C04F79EFBC}") = "Penguin.Cms.Entities.Local", "..\Penguin.Cms.Entities\Penguin.Cms.Entities.Local.csproj", "{C2EB46DC-854F-419B-9DA6-DBE721194D90}"
EndProject
Project("{FAE04EC0-301F-11D3-BF4B-00C04F79EFBC}") = "Penguin.Email.Templating.Abstractions.Local", "..\Penguin.Email.Templating.Abstractions\Penguin.Email.Templating.Abstractions.Local.csproj", "{96B6A1DD-5CD7-4525-B8F5-CC6FB360675E}"
EndProject
Project("{FAE04EC0-301F-11D3-BF4B-00C04F79EFBC}") = "Penguin.Templating.Abstractions.Local", "..\Penguin.Templating.Abstractions\Penguin.Templating.Abstractions.Local.csproj", "{8ED22838-F05A-48D2-8F28-C8A1EBD71A66}"
EndProject
Project("{FAE04EC0-301F-11D3-BF4B-00C04F79EFBC}") = "Penguin.Security.Abstractions.Local", "..\Penguin.Security.Abstractions\Penguin.Security.Abstractions.Local.csproj", "{C88C54DC-B171-47EA-A6E9-29367462CB95}"
EndProject
Project("{FAE04EC0-301F-11D3-BF4B-00C04F79EFBC}") = "Penguin.Cms.Web.Security.Local", "..\Penguin.Cms.Web.Security\Penguin.Cms.Web.Security.Local.csproj", "{4B985DED-732B-4746-A694-AAA93F4E66FB}"
EndProject
Project("{FAE04EC0-301F-11D3-BF4B-00C04F79EFBC}") = "Penguin.Extensions.Collections.Local", "..\Penguin.Extensions.Collections\Penguin.Extensions.Collections.Local.csproj", "{60F2E797-5435-464D-8715-6CCAC4B8CD63}"
EndProject
Project("{FAE04EC0-301F-11D3-BF4B-00C04F79EFBC}") = "Penguin.Messaging.Persistence.Local", "..\Penguin.Messaging.Persistence\Penguin.Messaging.Persistence.Local.csproj", "{6CAEE8CE-2EEF-43E1-B08A-EF99B4BC0AE2}"
EndProject
Project("{FAE04EC0-301F-11D3-BF4B-00C04F79EFBC}") = "Penguin.Messaging.Abstractions.Local", "..\Penguin.Messaging.Abstractions\Penguin.Messaging.Abstractions.Local.csproj", "{8D3C2477-77CE-4C61-B5BB-7772B465112E}"
EndProject
Project("{FAE04EC0-301F-11D3-BF4B-00C04F79EFBC}") = "Penguin.Web.Extensions.Local", "..\Penguin.Web.Extensions\Penguin.Web.Extensions.Local.csproj", "{39A0C6EC-7CDC-4442-9758-8B44F4BBE9EB}"
EndProject
Global
	GlobalSection(SolutionConfigurationPlatforms) = preSolution
		Debug|Any CPU = Debug|Any CPU
		Debug|x64 = Debug|x64
		Debug|x86 = Debug|x86
		Release|Any CPU = Release|Any CPU
		Release|x64 = Release|x64
		Release|x86 = Release|x86
	EndGlobalSection
	GlobalSection(SolutionProperties) = preSolution
		HideSolutionNode = FALSE
	EndGlobalSection
	GlobalSection(ProjectConfigurationPlatforms) = postSolution
		{02508C8B-29EB-4C3E-BA4B-FC2727886012}.Debug|Any CPU.ActiveCfg = Debug|Any CPU
		{02508C8B-29EB-4C3E-BA4B-FC2727886012}.Debug|Any CPU.Build.0 = Debug|Any CPU
		{02508C8B-29EB-4C3E-BA4B-FC2727886012}.Debug|x64.ActiveCfg = Debug|Any CPU
		{02508C8B-29EB-4C3E-BA4B-FC2727886012}.Debug|x64.Build.0 = Debug|Any CPU
		{02508C8B-29EB-4C3E-BA4B-FC2727886012}.Debug|x86.ActiveCfg = Debug|Any CPU
		{02508C8B-29EB-4C3E-BA4B-FC2727886012}.Debug|x86.Build.0 = Debug|Any CPU
		{02508C8B-29EB-4C3E-BA4B-FC2727886012}.Release|Any CPU.ActiveCfg = Release|Any CPU
		{02508C8B-29EB-4C3E-BA4B-FC2727886012}.Release|Any CPU.Build.0 = Release|Any CPU
		{02508C8B-29EB-4C3E-BA4B-FC2727886012}.Release|x64.ActiveCfg = Release|Any CPU
		{02508C8B-29EB-4C3E-BA4B-FC2727886012}.Release|x64.Build.0 = Release|Any CPU
		{02508C8B-29EB-4C3E-BA4B-FC2727886012}.Release|x86.ActiveCfg = Release|Any CPU
		{02508C8B-29EB-4C3E-BA4B-FC2727886012}.Release|x86.Build.0 = Release|Any CPU
		{C831EF53-FFB4-443E-AC51-086F9AAF3D08}.Debug|Any CPU.ActiveCfg = Debug|Any CPU
		{C831EF53-FFB4-443E-AC51-086F9AAF3D08}.Debug|Any CPU.Build.0 = Debug|Any CPU
		{C831EF53-FFB4-443E-AC51-086F9AAF3D08}.Debug|x64.ActiveCfg = Debug|Any CPU
		{C831EF53-FFB4-443E-AC51-086F9AAF3D08}.Debug|x64.Build.0 = Debug|Any CPU
		{C831EF53-FFB4-443E-AC51-086F9AAF3D08}.Debug|x86.ActiveCfg = Debug|Any CPU
		{C831EF53-FFB4-443E-AC51-086F9AAF3D08}.Debug|x86.Build.0 = Debug|Any CPU
		{C831EF53-FFB4-443E-AC51-086F9AAF3D08}.Release|Any CPU.ActiveCfg = Release|Any CPU
		{C831EF53-FFB4-443E-AC51-086F9AAF3D08}.Release|Any CPU.Build.0 = Release|Any CPU
		{C831EF53-FFB4-443E-AC51-086F9AAF3D08}.Release|x64.ActiveCfg = Release|Any CPU
		{C831EF53-FFB4-443E-AC51-086F9AAF3D08}.Release|x64.Build.0 = Release|Any CPU
		{C831EF53-FFB4-443E-AC51-086F9AAF3D08}.Release|x86.ActiveCfg = Release|Any CPU
		{C831EF53-FFB4-443E-AC51-086F9AAF3D08}.Release|x86.Build.0 = Release|Any CPU
		{FE967283-1E54-426D-8CD3-07395DE77E27}.Debug|Any CPU.ActiveCfg = Debug|Any CPU
		{FE967283-1E54-426D-8CD3-07395DE77E27}.Debug|Any CPU.Build.0 = Debug|Any CPU
		{FE967283-1E54-426D-8CD3-07395DE77E27}.Debug|x64.ActiveCfg = Debug|Any CPU
		{FE967283-1E54-426D-8CD3-07395DE77E27}.Debug|x64.Build.0 = Debug|Any CPU
		{FE967283-1E54-426D-8CD3-07395DE77E27}.Debug|x86.ActiveCfg = Debug|Any CPU
		{FE967283-1E54-426D-8CD3-07395DE77E27}.Debug|x86.Build.0 = Debug|Any CPU
		{FE967283-1E54-426D-8CD3-07395DE77E27}.Release|Any CPU.ActiveCfg = Release|Any CPU
		{FE967283-1E54-426D-8CD3-07395DE77E27}.Release|Any CPU.Build.0 = Release|Any CPU
		{FE967283-1E54-426D-8CD3-07395DE77E27}.Release|x64.ActiveCfg = Release|Any CPU
		{FE967283-1E54-426D-8CD3-07395DE77E27}.Release|x64.Build.0 = Release|Any CPU
		{FE967283-1E54-426D-8CD3-07395DE77E27}.Release|x86.ActiveCfg = Release|Any CPU
		{FE967283-1E54-426D-8CD3-07395DE77E27}.Release|x86.Build.0 = Release|Any CPU
		{2D9DE55A-DF0B-428A-B6D2-444660842A7A}.Debug|Any CPU.ActiveCfg = Debug|Any CPU
		{2D9DE55A-DF0B-428A-B6D2-444660842A7A}.Debug|Any CPU.Build.0 = Debug|Any CPU
		{2D9DE55A-DF0B-428A-B6D2-444660842A7A}.Debug|x64.ActiveCfg = Debug|Any CPU
		{2D9DE55A-DF0B-428A-B6D2-444660842A7A}.Debug|x64.Build.0 = Debug|Any CPU
		{2D9DE55A-DF0B-428A-B6D2-444660842A7A}.Debug|x86.ActiveCfg = Debug|Any CPU
		{2D9DE55A-DF0B-428A-B6D2-444660842A7A}.Debug|x86.Build.0 = Debug|Any CPU
		{2D9DE55A-DF0B-428A-B6D2-444660842A7A}.Release|Any CPU.ActiveCfg = Release|Any CPU
		{2D9DE55A-DF0B-428A-B6D2-444660842A7A}.Release|Any CPU.Build.0 = Release|Any CPU
		{2D9DE55A-DF0B-428A-B6D2-444660842A7A}.Release|x64.ActiveCfg = Release|Any CPU
		{2D9DE55A-DF0B-428A-B6D2-444660842A7A}.Release|x64.Build.0 = Release|Any CPU
		{2D9DE55A-DF0B-428A-B6D2-444660842A7A}.Release|x86.ActiveCfg = Release|Any CPU
		{2D9DE55A-DF0B-428A-B6D2-444660842A7A}.Release|x86.Build.0 = Release|Any CPU
		{99000CBA-E6F3-4384-A54E-556EE7ED8A80}.Debug|Any CPU.ActiveCfg = Debug|Any CPU
		{99000CBA-E6F3-4384-A54E-556EE7ED8A80}.Debug|Any CPU.Build.0 = Debug|Any CPU
		{99000CBA-E6F3-4384-A54E-556EE7ED8A80}.Debug|x64.ActiveCfg = Debug|Any CPU
		{99000CBA-E6F3-4384-A54E-556EE7ED8A80}.Debug|x64.Build.0 = Debug|Any CPU
		{99000CBA-E6F3-4384-A54E-556EE7ED8A80}.Debug|x86.ActiveCfg = Debug|Any CPU
		{99000CBA-E6F3-4384-A54E-556EE7ED8A80}.Debug|x86.Build.0 = Debug|Any CPU
		{99000CBA-E6F3-4384-A54E-556EE7ED8A80}.Release|Any CPU.ActiveCfg = Release|Any CPU
		{99000CBA-E6F3-4384-A54E-556EE7ED8A80}.Release|Any CPU.Build.0 = Release|Any CPU
		{99000CBA-E6F3-4384-A54E-556EE7ED8A80}.Release|x64.ActiveCfg = Release|Any CPU
		{99000CBA-E6F3-4384-A54E-556EE7ED8A80}.Release|x64.Build.0 = Release|Any CPU
		{99000CBA-E6F3-4384-A54E-556EE7ED8A80}.Release|x86.ActiveCfg = Release|Any CPU
		{99000CBA-E6F3-4384-A54E-556EE7ED8A80}.Release|x86.Build.0 = Release|Any CPU
		{0D77B3CF-CABC-4B44-9686-A1A2DD3304F7}.Debug|Any CPU.ActiveCfg = Debug|Any CPU
		{0D77B3CF-CABC-4B44-9686-A1A2DD3304F7}.Debug|Any CPU.Build.0 = Debug|Any CPU
		{0D77B3CF-CABC-4B44-9686-A1A2DD3304F7}.Debug|x64.ActiveCfg = Debug|Any CPU
		{0D77B3CF-CABC-4B44-9686-A1A2DD3304F7}.Debug|x64.Build.0 = Debug|Any CPU
		{0D77B3CF-CABC-4B44-9686-A1A2DD3304F7}.Debug|x86.ActiveCfg = Debug|Any CPU
		{0D77B3CF-CABC-4B44-9686-A1A2DD3304F7}.Debug|x86.Build.0 = Debug|Any CPU
		{0D77B3CF-CABC-4B44-9686-A1A2DD3304F7}.Release|Any CPU.ActiveCfg = Release|Any CPU
		{0D77B3CF-CABC-4B44-9686-A1A2DD3304F7}.Release|Any CPU.Build.0 = Release|Any CPU
		{0D77B3CF-CABC-4B44-9686-A1A2DD3304F7}.Release|x64.ActiveCfg = Release|Any CPU
		{0D77B3CF-CABC-4B44-9686-A1A2DD3304F7}.Release|x64.Build.0 = Release|Any CPU
		{0D77B3CF-CABC-4B44-9686-A1A2DD3304F7}.Release|x86.ActiveCfg = Release|Any CPU
		{0D77B3CF-CABC-4B44-9686-A1A2DD3304F7}.Release|x86.Build.0 = Release|Any CPU
		{96427FFD-802A-4C32-AAB2-5149F37640C4}.Debug|Any CPU.ActiveCfg = Debug|Any CPU
		{96427FFD-802A-4C32-AAB2-5149F37640C4}.Debug|Any CPU.Build.0 = Debug|Any CPU
		{96427FFD-802A-4C32-AAB2-5149F37640C4}.Debug|x64.ActiveCfg = Debug|Any CPU
		{96427FFD-802A-4C32-AAB2-5149F37640C4}.Debug|x64.Build.0 = Debug|Any CPU
		{96427FFD-802A-4C32-AAB2-5149F37640C4}.Debug|x86.ActiveCfg = Debug|Any CPU
		{96427FFD-802A-4C32-AAB2-5149F37640C4}.Debug|x86.Build.0 = Debug|Any CPU
		{96427FFD-802A-4C32-AAB2-5149F37640C4}.Release|Any CPU.ActiveCfg = Release|Any CPU
		{96427FFD-802A-4C32-AAB2-5149F37640C4}.Release|Any CPU.Build.0 = Release|Any CPU
		{96427FFD-802A-4C32-AAB2-5149F37640C4}.Release|x64.ActiveCfg = Release|Any CPU
		{96427FFD-802A-4C32-AAB2-5149F37640C4}.Release|x64.Build.0 = Release|Any CPU
		{96427FFD-802A-4C32-AAB2-5149F37640C4}.Release|x86.ActiveCfg = Release|Any CPU
		{96427FFD-802A-4C32-AAB2-5149F37640C4}.Release|x86.Build.0 = Release|Any CPU
		{27345375-8302-46CD-BD59-0D123281D7F3}.Debug|Any CPU.ActiveCfg = Debug|Any CPU
		{27345375-8302-46CD-BD59-0D123281D7F3}.Debug|Any CPU.Build.0 = Debug|Any CPU
		{27345375-8302-46CD-BD59-0D123281D7F3}.Debug|x64.ActiveCfg = Debug|Any CPU
		{27345375-8302-46CD-BD59-0D123281D7F3}.Debug|x64.Build.0 = Debug|Any CPU
		{27345375-8302-46CD-BD59-0D123281D7F3}.Debug|x86.ActiveCfg = Debug|Any CPU
		{27345375-8302-46CD-BD59-0D123281D7F3}.Debug|x86.Build.0 = Debug|Any CPU
		{27345375-8302-46CD-BD59-0D123281D7F3}.Release|Any CPU.ActiveCfg = Release|Any CPU
		{27345375-8302-46CD-BD59-0D123281D7F3}.Release|Any CPU.Build.0 = Release|Any CPU
		{27345375-8302-46CD-BD59-0D123281D7F3}.Release|x64.ActiveCfg = Release|Any CPU
		{27345375-8302-46CD-BD59-0D123281D7F3}.Release|x64.Build.0 = Release|Any CPU
		{27345375-8302-46CD-BD59-0D123281D7F3}.Release|x86.ActiveCfg = Release|Any CPU
		{27345375-8302-46CD-BD59-0D123281D7F3}.Release|x86.Build.0 = Release|Any CPU
		{C90649B0-65BE-4F51-BCB6-ECAA115C3DB9}.Debug|Any CPU.ActiveCfg = Debug|Any CPU
		{C90649B0-65BE-4F51-BCB6-ECAA115C3DB9}.Debug|Any CPU.Build.0 = Debug|Any CPU
		{C90649B0-65BE-4F51-BCB6-ECAA115C3DB9}.Debug|x64.ActiveCfg = Debug|Any CPU
		{C90649B0-65BE-4F51-BCB6-ECAA115C3DB9}.Debug|x64.Build.0 = Debug|Any CPU
		{C90649B0-65BE-4F51-BCB6-ECAA115C3DB9}.Debug|x86.ActiveCfg = Debug|Any CPU
		{C90649B0-65BE-4F51-BCB6-ECAA115C3DB9}.Debug|x86.Build.0 = Debug|Any CPU
		{C90649B0-65BE-4F51-BCB6-ECAA115C3DB9}.Release|Any CPU.ActiveCfg = Release|Any CPU
		{C90649B0-65BE-4F51-BCB6-ECAA115C3DB9}.Release|Any CPU.Build.0 = Release|Any CPU
		{C90649B0-65BE-4F51-BCB6-ECAA115C3DB9}.Release|x64.ActiveCfg = Release|Any CPU
		{C90649B0-65BE-4F51-BCB6-ECAA115C3DB9}.Release|x64.Build.0 = Release|Any CPU
		{C90649B0-65BE-4F51-BCB6-ECAA115C3DB9}.Release|x86.ActiveCfg = Release|Any CPU
		{C90649B0-65BE-4F51-BCB6-ECAA115C3DB9}.Release|x86.Build.0 = Release|Any CPU
		{390AF9D3-2DA1-4B27-B040-18448117DD97}.Debug|Any CPU.ActiveCfg = Debug|Any CPU
		{390AF9D3-2DA1-4B27-B040-18448117DD97}.Debug|Any CPU.Build.0 = Debug|Any CPU
		{390AF9D3-2DA1-4B27-B040-18448117DD97}.Debug|x64.ActiveCfg = Debug|Any CPU
		{390AF9D3-2DA1-4B27-B040-18448117DD97}.Debug|x64.Build.0 = Debug|Any CPU
		{390AF9D3-2DA1-4B27-B040-18448117DD97}.Debug|x86.ActiveCfg = Debug|Any CPU
		{390AF9D3-2DA1-4B27-B040-18448117DD97}.Debug|x86.Build.0 = Debug|Any CPU
		{390AF9D3-2DA1-4B27-B040-18448117DD97}.Release|Any CPU.ActiveCfg = Release|Any CPU
		{390AF9D3-2DA1-4B27-B040-18448117DD97}.Release|Any CPU.Build.0 = Release|Any CPU
		{390AF9D3-2DA1-4B27-B040-18448117DD97}.Release|x64.ActiveCfg = Release|Any CPU
		{390AF9D3-2DA1-4B27-B040-18448117DD97}.Release|x64.Build.0 = Release|Any CPU
		{390AF9D3-2DA1-4B27-B040-18448117DD97}.Release|x86.ActiveCfg = Release|Any CPU
		{390AF9D3-2DA1-4B27-B040-18448117DD97}.Release|x86.Build.0 = Release|Any CPU
		{5809DAC2-83B8-4F41-AB10-0487802DEFAD}.Debug|Any CPU.ActiveCfg = Debug|Any CPU
		{5809DAC2-83B8-4F41-AB10-0487802DEFAD}.Debug|Any CPU.Build.0 = Debug|Any CPU
		{5809DAC2-83B8-4F41-AB10-0487802DEFAD}.Debug|x64.ActiveCfg = Debug|Any CPU
		{5809DAC2-83B8-4F41-AB10-0487802DEFAD}.Debug|x64.Build.0 = Debug|Any CPU
		{5809DAC2-83B8-4F41-AB10-0487802DEFAD}.Debug|x86.ActiveCfg = Debug|Any CPU
		{5809DAC2-83B8-4F41-AB10-0487802DEFAD}.Debug|x86.Build.0 = Debug|Any CPU
		{5809DAC2-83B8-4F41-AB10-0487802DEFAD}.Release|Any CPU.ActiveCfg = Release|Any CPU
		{5809DAC2-83B8-4F41-AB10-0487802DEFAD}.Release|Any CPU.Build.0 = Release|Any CPU
		{5809DAC2-83B8-4F41-AB10-0487802DEFAD}.Release|x64.ActiveCfg = Release|Any CPU
		{5809DAC2-83B8-4F41-AB10-0487802DEFAD}.Release|x64.Build.0 = Release|Any CPU
		{5809DAC2-83B8-4F41-AB10-0487802DEFAD}.Release|x86.ActiveCfg = Release|Any CPU
		{5809DAC2-83B8-4F41-AB10-0487802DEFAD}.Release|x86.Build.0 = Release|Any CPU
		{3CEA31D4-A968-4FFA-8DA1-E896EF4F2656}.Debug|Any CPU.ActiveCfg = Debug|Any CPU
		{3CEA31D4-A968-4FFA-8DA1-E896EF4F2656}.Debug|Any CPU.Build.0 = Debug|Any CPU
		{3CEA31D4-A968-4FFA-8DA1-E896EF4F2656}.Debug|x64.ActiveCfg = Debug|Any CPU
		{3CEA31D4-A968-4FFA-8DA1-E896EF4F2656}.Debug|x64.Build.0 = Debug|Any CPU
		{3CEA31D4-A968-4FFA-8DA1-E896EF4F2656}.Debug|x86.ActiveCfg = Debug|Any CPU
		{3CEA31D4-A968-4FFA-8DA1-E896EF4F2656}.Debug|x86.Build.0 = Debug|Any CPU
		{3CEA31D4-A968-4FFA-8DA1-E896EF4F2656}.Release|Any CPU.ActiveCfg = Release|Any CPU
		{3CEA31D4-A968-4FFA-8DA1-E896EF4F2656}.Release|Any CPU.Build.0 = Release|Any CPU
		{3CEA31D4-A968-4FFA-8DA1-E896EF4F2656}.Release|x64.ActiveCfg = Release|Any CPU
		{3CEA31D4-A968-4FFA-8DA1-E896EF4F2656}.Release|x64.Build.0 = Release|Any CPU
		{3CEA31D4-A968-4FFA-8DA1-E896EF4F2656}.Release|x86.ActiveCfg = Release|Any CPU
		{3CEA31D4-A968-4FFA-8DA1-E896EF4F2656}.Release|x86.Build.0 = Release|Any CPU
		{B7CC5ADA-30A8-4D2C-B649-E3D4DA428BBE}.Debug|Any CPU.ActiveCfg = Debug|Any CPU
		{B7CC5ADA-30A8-4D2C-B649-E3D4DA428BBE}.Debug|Any CPU.Build.0 = Debug|Any CPU
		{B7CC5ADA-30A8-4D2C-B649-E3D4DA428BBE}.Debug|x64.ActiveCfg = Debug|Any CPU
		{B7CC5ADA-30A8-4D2C-B649-E3D4DA428BBE}.Debug|x64.Build.0 = Debug|Any CPU
		{B7CC5ADA-30A8-4D2C-B649-E3D4DA428BBE}.Debug|x86.ActiveCfg = Debug|Any CPU
		{B7CC5ADA-30A8-4D2C-B649-E3D4DA428BBE}.Debug|x86.Build.0 = Debug|Any CPU
		{B7CC5ADA-30A8-4D2C-B649-E3D4DA428BBE}.Release|Any CPU.ActiveCfg = Release|Any CPU
		{B7CC5ADA-30A8-4D2C-B649-E3D4DA428BBE}.Release|Any CPU.Build.0 = Release|Any CPU
		{B7CC5ADA-30A8-4D2C-B649-E3D4DA428BBE}.Release|x64.ActiveCfg = Release|Any CPU
		{B7CC5ADA-30A8-4D2C-B649-E3D4DA428BBE}.Release|x64.Build.0 = Release|Any CPU
		{B7CC5ADA-30A8-4D2C-B649-E3D4DA428BBE}.Release|x86.ActiveCfg = Release|Any CPU
		{B7CC5ADA-30A8-4D2C-B649-E3D4DA428BBE}.Release|x86.Build.0 = Release|Any CPU
		{C2EB46DC-854F-419B-9DA6-DBE721194D90}.Debug|Any CPU.ActiveCfg = Debug|Any CPU
		{C2EB46DC-854F-419B-9DA6-DBE721194D90}.Debug|Any CPU.Build.0 = Debug|Any CPU
		{C2EB46DC-854F-419B-9DA6-DBE721194D90}.Debug|x64.ActiveCfg = Debug|Any CPU
		{C2EB46DC-854F-419B-9DA6-DBE721194D90}.Debug|x64.Build.0 = Debug|Any CPU
		{C2EB46DC-854F-419B-9DA6-DBE721194D90}.Debug|x86.ActiveCfg = Debug|Any CPU
		{C2EB46DC-854F-419B-9DA6-DBE721194D90}.Debug|x86.Build.0 = Debug|Any CPU
		{C2EB46DC-854F-419B-9DA6-DBE721194D90}.Release|Any CPU.ActiveCfg = Release|Any CPU
		{C2EB46DC-854F-419B-9DA6-DBE721194D90}.Release|Any CPU.Build.0 = Release|Any CPU
		{C2EB46DC-854F-419B-9DA6-DBE721194D90}.Release|x64.ActiveCfg = Release|Any CPU
		{C2EB46DC-854F-419B-9DA6-DBE721194D90}.Release|x64.Build.0 = Release|Any CPU
		{C2EB46DC-854F-419B-9DA6-DBE721194D90}.Release|x86.ActiveCfg = Release|Any CPU
		{C2EB46DC-854F-419B-9DA6-DBE721194D90}.Release|x86.Build.0 = Release|Any CPU
		{96B6A1DD-5CD7-4525-B8F5-CC6FB360675E}.Debug|Any CPU.ActiveCfg = Debug|Any CPU
		{96B6A1DD-5CD7-4525-B8F5-CC6FB360675E}.Debug|Any CPU.Build.0 = Debug|Any CPU
		{96B6A1DD-5CD7-4525-B8F5-CC6FB360675E}.Debug|x64.ActiveCfg = Debug|Any CPU
		{96B6A1DD-5CD7-4525-B8F5-CC6FB360675E}.Debug|x64.Build.0 = Debug|Any CPU
		{96B6A1DD-5CD7-4525-B8F5-CC6FB360675E}.Debug|x86.ActiveCfg = Debug|Any CPU
		{96B6A1DD-5CD7-4525-B8F5-CC6FB360675E}.Debug|x86.Build.0 = Debug|Any CPU
		{96B6A1DD-5CD7-4525-B8F5-CC6FB360675E}.Release|Any CPU.ActiveCfg = Release|Any CPU
		{96B6A1DD-5CD7-4525-B8F5-CC6FB360675E}.Release|Any CPU.Build.0 = Release|Any CPU
		{96B6A1DD-5CD7-4525-B8F5-CC6FB360675E}.Release|x64.ActiveCfg = Release|Any CPU
		{96B6A1DD-5CD7-4525-B8F5-CC6FB360675E}.Release|x64.Build.0 = Release|Any CPU
		{96B6A1DD-5CD7-4525-B8F5-CC6FB360675E}.Release|x86.ActiveCfg = Release|Any CPU
		{96B6A1DD-5CD7-4525-B8F5-CC6FB360675E}.Release|x86.Build.0 = Release|Any CPU
		{8ED22838-F05A-48D2-8F28-C8A1EBD71A66}.Debug|Any CPU.ActiveCfg = Debug|Any CPU
		{8ED22838-F05A-48D2-8F28-C8A1EBD71A66}.Debug|Any CPU.Build.0 = Debug|Any CPU
		{8ED22838-F05A-48D2-8F28-C8A1EBD71A66}.Debug|x64.ActiveCfg = Debug|Any CPU
		{8ED22838-F05A-48D2-8F28-C8A1EBD71A66}.Debug|x64.Build.0 = Debug|Any CPU
		{8ED22838-F05A-48D2-8F28-C8A1EBD71A66}.Debug|x86.ActiveCfg = Debug|Any CPU
		{8ED22838-F05A-48D2-8F28-C8A1EBD71A66}.Debug|x86.Build.0 = Debug|Any CPU
		{8ED22838-F05A-48D2-8F28-C8A1EBD71A66}.Release|Any CPU.ActiveCfg = Release|Any CPU
		{8ED22838-F05A-48D2-8F28-C8A1EBD71A66}.Release|Any CPU.Build.0 = Release|Any CPU
		{8ED22838-F05A-48D2-8F28-C8A1EBD71A66}.Release|x64.ActiveCfg = Release|Any CPU
		{8ED22838-F05A-48D2-8F28-C8A1EBD71A66}.Release|x64.Build.0 = Release|Any CPU
		{8ED22838-F05A-48D2-8F28-C8A1EBD71A66}.Release|x86.ActiveCfg = Release|Any CPU
		{8ED22838-F05A-48D2-8F28-C8A1EBD71A66}.Release|x86.Build.0 = Release|Any CPU
		{C88C54DC-B171-47EA-A6E9-29367462CB95}.Debug|Any CPU.ActiveCfg = Debug|Any CPU
		{C88C54DC-B171-47EA-A6E9-29367462CB95}.Debug|Any CPU.Build.0 = Debug|Any CPU
		{C88C54DC-B171-47EA-A6E9-29367462CB95}.Debug|x64.ActiveCfg = Debug|Any CPU
		{C88C54DC-B171-47EA-A6E9-29367462CB95}.Debug|x64.Build.0 = Debug|Any CPU
		{C88C54DC-B171-47EA-A6E9-29367462CB95}.Debug|x86.ActiveCfg = Debug|Any CPU
		{C88C54DC-B171-47EA-A6E9-29367462CB95}.Debug|x86.Build.0 = Debug|Any CPU
		{C88C54DC-B171-47EA-A6E9-29367462CB95}.Release|Any CPU.ActiveCfg = Release|Any CPU
		{C88C54DC-B171-47EA-A6E9-29367462CB95}.Release|Any CPU.Build.0 = Release|Any CPU
		{C88C54DC-B171-47EA-A6E9-29367462CB95}.Release|x64.ActiveCfg = Release|Any CPU
		{C88C54DC-B171-47EA-A6E9-29367462CB95}.Release|x64.Build.0 = Release|Any CPU
		{C88C54DC-B171-47EA-A6E9-29367462CB95}.Release|x86.ActiveCfg = Release|Any CPU
		{C88C54DC-B171-47EA-A6E9-29367462CB95}.Release|x86.Build.0 = Release|Any CPU
		{4B985DED-732B-4746-A694-AAA93F4E66FB}.Debug|Any CPU.ActiveCfg = Debug|Any CPU
		{4B985DED-732B-4746-A694-AAA93F4E66FB}.Debug|Any CPU.Build.0 = Debug|Any CPU
		{4B985DED-732B-4746-A694-AAA93F4E66FB}.Debug|x64.ActiveCfg = Debug|Any CPU
		{4B985DED-732B-4746-A694-AAA93F4E66FB}.Debug|x64.Build.0 = Debug|Any CPU
		{4B985DED-732B-4746-A694-AAA93F4E66FB}.Debug|x86.ActiveCfg = Debug|Any CPU
		{4B985DED-732B-4746-A694-AAA93F4E66FB}.Debug|x86.Build.0 = Debug|Any CPU
		{4B985DED-732B-4746-A694-AAA93F4E66FB}.Release|Any CPU.ActiveCfg = Release|Any CPU
		{4B985DED-732B-4746-A694-AAA93F4E66FB}.Release|Any CPU.Build.0 = Release|Any CPU
		{4B985DED-732B-4746-A694-AAA93F4E66FB}.Release|x64.ActiveCfg = Release|Any CPU
		{4B985DED-732B-4746-A694-AAA93F4E66FB}.Release|x64.Build.0 = Release|Any CPU
		{4B985DED-732B-4746-A694-AAA93F4E66FB}.Release|x86.ActiveCfg = Release|Any CPU
		{4B985DED-732B-4746-A694-AAA93F4E66FB}.Release|x86.Build.0 = Release|Any CPU
		{60F2E797-5435-464D-8715-6CCAC4B8CD63}.Debug|Any CPU.ActiveCfg = Debug|Any CPU
		{60F2E797-5435-464D-8715-6CCAC4B8CD63}.Debug|Any CPU.Build.0 = Debug|Any CPU
		{60F2E797-5435-464D-8715-6CCAC4B8CD63}.Debug|x64.ActiveCfg = Debug|Any CPU
		{60F2E797-5435-464D-8715-6CCAC4B8CD63}.Debug|x64.Build.0 = Debug|Any CPU
		{60F2E797-5435-464D-8715-6CCAC4B8CD63}.Debug|x86.ActiveCfg = Debug|Any CPU
		{60F2E797-5435-464D-8715-6CCAC4B8CD63}.Debug|x86.Build.0 = Debug|Any CPU
		{60F2E797-5435-464D-8715-6CCAC4B8CD63}.Release|Any CPU.ActiveCfg = Release|Any CPU
		{60F2E797-5435-464D-8715-6CCAC4B8CD63}.Release|Any CPU.Build.0 = Release|Any CPU
		{60F2E797-5435-464D-8715-6CCAC4B8CD63}.Release|x64.ActiveCfg = Release|Any CPU
		{60F2E797-5435-464D-8715-6CCAC4B8CD63}.Release|x64.Build.0 = Release|Any CPU
		{60F2E797-5435-464D-8715-6CCAC4B8CD63}.Release|x86.ActiveCfg = Release|Any CPU
		{60F2E797-5435-464D-8715-6CCAC4B8CD63}.Release|x86.Build.0 = Release|Any CPU
		{6CAEE8CE-2EEF-43E1-B08A-EF99B4BC0AE2}.Debug|Any CPU.ActiveCfg = Debug|Any CPU
		{6CAEE8CE-2EEF-43E1-B08A-EF99B4BC0AE2}.Debug|Any CPU.Build.0 = Debug|Any CPU
		{6CAEE8CE-2EEF-43E1-B08A-EF99B4BC0AE2}.Debug|x64.ActiveCfg = Debug|Any CPU
		{6CAEE8CE-2EEF-43E1-B08A-EF99B4BC0AE2}.Debug|x64.Build.0 = Debug|Any CPU
		{6CAEE8CE-2EEF-43E1-B08A-EF99B4BC0AE2}.Debug|x86.ActiveCfg = Debug|Any CPU
		{6CAEE8CE-2EEF-43E1-B08A-EF99B4BC0AE2}.Debug|x86.Build.0 = Debug|Any CPU
		{6CAEE8CE-2EEF-43E1-B08A-EF99B4BC0AE2}.Release|Any CPU.ActiveCfg = Release|Any CPU
		{6CAEE8CE-2EEF-43E1-B08A-EF99B4BC0AE2}.Release|Any CPU.Build.0 = Release|Any CPU
		{6CAEE8CE-2EEF-43E1-B08A-EF99B4BC0AE2}.Release|x64.ActiveCfg = Release|Any CPU
		{6CAEE8CE-2EEF-43E1-B08A-EF99B4BC0AE2}.Release|x64.Build.0 = Release|Any CPU
		{6CAEE8CE-2EEF-43E1-B08A-EF99B4BC0AE2}.Release|x86.ActiveCfg = Release|Any CPU
		{6CAEE8CE-2EEF-43E1-B08A-EF99B4BC0AE2}.Release|x86.Build.0 = Release|Any CPU
		{8D3C2477-77CE-4C61-B5BB-7772B465112E}.Debug|Any CPU.ActiveCfg = Debug|Any CPU
		{8D3C2477-77CE-4C61-B5BB-7772B465112E}.Debug|Any CPU.Build.0 = Debug|Any CPU
		{8D3C2477-77CE-4C61-B5BB-7772B465112E}.Debug|x64.ActiveCfg = Debug|Any CPU
		{8D3C2477-77CE-4C61-B5BB-7772B465112E}.Debug|x64.Build.0 = Debug|Any CPU
		{8D3C2477-77CE-4C61-B5BB-7772B465112E}.Debug|x86.ActiveCfg = Debug|Any CPU
		{8D3C2477-77CE-4C61-B5BB-7772B465112E}.Debug|x86.Build.0 = Debug|Any CPU
		{8D3C2477-77CE-4C61-B5BB-7772B465112E}.Release|Any CPU.ActiveCfg = Release|Any CPU
		{8D3C2477-77CE-4C61-B5BB-7772B465112E}.Release|Any CPU.Build.0 = Release|Any CPU
		{8D3C2477-77CE-4C61-B5BB-7772B465112E}.Release|x64.ActiveCfg = Release|Any CPU
		{8D3C2477-77CE-4C61-B5BB-7772B465112E}.Release|x64.Build.0 = Release|Any CPU
		{8D3C2477-77CE-4C61-B5BB-7772B465112E}.Release|x86.ActiveCfg = Release|Any CPU
		{8D3C2477-77CE-4C61-B5BB-7772B465112E}.Release|x86.Build.0 = Release|Any CPU
		{39A0C6EC-7CDC-4442-9758-8B44F4BBE9EB}.Debug|Any CPU.ActiveCfg = Debug|Any CPU
		{39A0C6EC-7CDC-4442-9758-8B44F4BBE9EB}.Debug|Any CPU.Build.0 = Debug|Any CPU
		{39A0C6EC-7CDC-4442-9758-8B44F4BBE9EB}.Debug|x64.ActiveCfg = Debug|Any CPU
		{39A0C6EC-7CDC-4442-9758-8B44F4BBE9EB}.Debug|x64.Build.0 = Debug|Any CPU
		{39A0C6EC-7CDC-4442-9758-8B44F4BBE9EB}.Debug|x86.ActiveCfg = Debug|Any CPU
		{39A0C6EC-7CDC-4442-9758-8B44F4BBE9EB}.Debug|x86.Build.0 = Debug|Any CPU
		{39A0C6EC-7CDC-4442-9758-8B44F4BBE9EB}.Release|Any CPU.ActiveCfg = Release|Any CPU
		{39A0C6EC-7CDC-4442-9758-8B44F4BBE9EB}.Release|Any CPU.Build.0 = Release|Any CPU
		{39A0C6EC-7CDC-4442-9758-8B44F4BBE9EB}.Release|x64.ActiveCfg = Release|Any CPU
		{39A0C6EC-7CDC-4442-9758-8B44F4BBE9EB}.Release|x64.Build.0 = Release|Any CPU
		{39A0C6EC-7CDC-4442-9758-8B44F4BBE9EB}.Release|x86.ActiveCfg = Release|Any CPU
		{39A0C6EC-7CDC-4442-9758-8B44F4BBE9EB}.Release|x86.Build.0 = Release|Any CPU
	EndGlobalSection
EndGlobal
