
Microsoft Visual Studio Solution File, Format Version 12.00
# Visual Studio Version 16
VisualStudioVersion = 16.6.30114.105
MinimumVisualStudioVersion = 10.0.40219.1
Project("{FAE04EC0-301F-11D3-BF4B-00C04F79EFBC}") = "Penguin.Cms.Web.Security.Services.Local", "Penguin.Cms.Web.Security.Services.Local.csproj", "{FE386E20-CF04-4B32-BF61-72DC779888BB}"
EndProject
Project("{FAE04EC0-301F-11D3-BF4B-00C04F79EFBC}") = "Penguin.Cms.Web.Security.Local", "..\Penguin.Cms.Web.Security\Penguin.Cms.Web.Security.Local.csproj", "{B6C134FD-6713-4713-992A-402DE17ED071}"
EndProject
Project("{FAE04EC0-301F-11D3-BF4B-00C04F79EFBC}") = "Penguin.Messaging.Persistence.Local", "..\Penguin.Messaging.Persistence\Penguin.Messaging.Persistence.Local.csproj", "{5DFFD22E-207E-44AB-AA7B-32936C11D165}"
EndProject
Project("{FAE04EC0-301F-11D3-BF4B-00C04F79EFBC}") = "Penguin.Messaging.Abstractions.Local", "..\Penguin.Messaging.Abstractions\Penguin.Messaging.Abstractions.Local.csproj", "{B4D35314-7AAC-42AA-97A6-96980E17CAD2}"
EndProject
Project("{FAE04EC0-301F-11D3-BF4B-00C04F79EFBC}") = "Penguin.Web.Extensions.Local", "..\Penguin.Web.Extensions\Penguin.Web.Extensions.Local.csproj", "{5F2E3822-F766-4D8E-8623-649732AEA044}"
EndProject
Project("{FAE04EC0-301F-11D3-BF4B-00C04F79EFBC}") = "Penguin.Extensions.Collections.Local", "..\Penguin.Extensions.Collections\Penguin.Extensions.Collections.Local.csproj", "{33187D2B-BD7E-4E98-AE2C-E348E8D7D78D}"
EndProject
Project("{FAE04EC0-301F-11D3-BF4B-00C04F79EFBC}") = "Penguin.Reflection.Extensions.Local", "..\Penguin.Reflection.Extensions\Penguin.Reflection.Extensions.Local.csproj", "{1702F2D6-8F86-4DFE-8685-76E72FE8E1B9}"
EndProject
Project("{FAE04EC0-301F-11D3-BF4B-00C04F79EFBC}") = "Penguin.Reflection.Abstractions.Local", "..\Penguin.Reflection.Abstractions\Penguin.Reflection.Abstractions.Local.csproj", "{10F9E45A-F0F6-44FE-86BA-3256DC19CF0D}"
EndProject
Project("{FAE04EC0-301F-11D3-BF4B-00C04F79EFBC}") = "Penguin.Extensions.String.Local", "..\Penguin.Extensions.String\Penguin.Extensions.String.Local.csproj", "{220146E0-2012-4CC8-B57D-48E5BA8B1F22}"
EndProject
Project("{FAE04EC0-301F-11D3-BF4B-00C04F79EFBC}") = "Penguin.Cms.Security.Local", "..\Penguin.Cms.Security\Penguin.Cms.Security.Local.csproj", "{C3BF6AB1-B460-439C-92B7-68C6120B01D8}"
EndProject
Project("{FAE04EC0-301F-11D3-BF4B-00C04F79EFBC}") = "Penguin.Auditing.Abstractions.Local", "..\Penguin.Auditing.Abstractions\Penguin.Auditing.Abstractions.Local.csproj", "{44849C2C-5FED-45F2-8FFE-052B9AC6F65D}"
EndProject
Project("{FAE04EC0-301F-11D3-BF4B-00C04F79EFBC}") = "Penguin.Cms.Email.Abstractions.Local", "..\Penguin.Cms.Email.Abstractions\Penguin.Cms.Email.Abstractions.Local.csproj", "{644F877B-A0D7-4991-828D-D057AACAA335}"
EndProject
Project("{FAE04EC0-301F-11D3-BF4B-00C04F79EFBC}") = "Penguin.Email.Abstractions.Local", "..\Penguin.Email.Abstractions\Penguin.Email.Abstractions.Local.csproj", "{DB612FE8-AF6A-4323-B162-4D728C3A8FFA}"
EndProject
Project("{FAE04EC0-301F-11D3-BF4B-00C04F79EFBC}") = "Penguin.Files.Abstractions.Local", "..\Penguin.Files.Abstractions\Penguin.Files.Abstractions.Local.csproj", "{612D2B93-EA0A-43CE-AB4E-F981AA98E08E}"
EndProject
Project("{FAE04EC0-301F-11D3-BF4B-00C04F79EFBC}") = "Penguin.Email.Templating.Abstractions.Local", "..\Penguin.Email.Templating.Abstractions\Penguin.Email.Templating.Abstractions.Local.csproj", "{DB8CCC93-9105-47EC-A1BD-C6A951B89426}"
EndProject
Project("{FAE04EC0-301F-11D3-BF4B-00C04F79EFBC}") = "Penguin.Templating.Abstractions.Local", "..\Penguin.Templating.Abstractions\Penguin.Templating.Abstractions.Local.csproj", "{9FD3F158-D8B5-4A87-8C32-A5D5A03DE3CF}"
EndProject
Project("{FAE04EC0-301F-11D3-BF4B-00C04F79EFBC}") = "Penguin.Security.Abstractions.Local", "..\Penguin.Security.Abstractions\Penguin.Security.Abstractions.Local.csproj", "{395EC7D7-2BE3-4D9F-8619-1D6968A49989}"
EndProject
Project("{FAE04EC0-301F-11D3-BF4B-00C04F79EFBC}") = "Penguin.Cms.Abstractions.Local", "..\Penguin.Cms.Abstractions\Penguin.Cms.Abstractions.Local.csproj", "{E58D569C-406B-46BA-B2C9-57DF45D7A5C2}"
EndProject
Project("{FAE04EC0-301F-11D3-BF4B-00C04F79EFBC}") = "Penguin.DependencyInjection.Abstractions.Local", "..\Penguin.DependencyInjection.Abstractions\Penguin.DependencyInjection.Abstractions.Local.csproj", "{D91A0534-81FF-4884-82A7-07736576E3C2}"
EndProject
Project("{FAE04EC0-301F-11D3-BF4B-00C04F79EFBC}") = "Penguin.Persistence.Abstractions.Local", "..\Penguin.Persistence.Abstractions\Penguin.Persistence.Abstractions.Local.csproj", "{2C5AE432-4F94-47FF-A7A0-ED6C9B221DD0}"
EndProject
Project("{FAE04EC0-301F-11D3-BF4B-00C04F79EFBC}") = "Penguin.Entities.Abstractions.Local", "..\Penguin.Entities.Abstractions\Penguin.Entities.Abstractions.Local.csproj", "{1C500430-68FC-4EAE-A059-E8E848F12F25}"
EndProject
Project("{FAE04EC0-301F-11D3-BF4B-00C04F79EFBC}") = "Penguin.Cms.Entities.Local", "..\Penguin.Cms.Entities\Penguin.Cms.Entities.Local.csproj", "{83F0687B-C600-41F2-AAE4-D9275C852CFC}"
EndProject
Global
	GlobalSection(SolutionConfigurationPlatforms) = preSolution
		Debug|Any CPU = Debug|Any CPU
		Debug|x64 = Debug|x64
		Debug|x86 = Debug|x86
		Release|Any CPU = Release|Any CPU
		Release|x64 = Release|x64
		Release|x86 = Release|x86
	EndGlobalSection
	GlobalSection(SolutionProperties) = preSolution
		HideSolutionNode = FALSE
	EndGlobalSection
	GlobalSection(ProjectConfigurationPlatforms) = postSolution
		{FE386E20-CF04-4B32-BF61-72DC779888BB}.Debug|Any CPU.ActiveCfg = Debug|Any CPU
		{FE386E20-CF04-4B32-BF61-72DC779888BB}.Debug|Any CPU.Build.0 = Debug|Any CPU
		{FE386E20-CF04-4B32-BF61-72DC779888BB}.Debug|x64.ActiveCfg = Debug|Any CPU
		{FE386E20-CF04-4B32-BF61-72DC779888BB}.Debug|x64.Build.0 = Debug|Any CPU
		{FE386E20-CF04-4B32-BF61-72DC779888BB}.Debug|x86.ActiveCfg = Debug|Any CPU
		{FE386E20-CF04-4B32-BF61-72DC779888BB}.Debug|x86.Build.0 = Debug|Any CPU
		{FE386E20-CF04-4B32-BF61-72DC779888BB}.Release|Any CPU.ActiveCfg = Release|Any CPU
		{FE386E20-CF04-4B32-BF61-72DC779888BB}.Release|Any CPU.Build.0 = Release|Any CPU
		{FE386E20-CF04-4B32-BF61-72DC779888BB}.Release|x64.ActiveCfg = Release|Any CPU
		{FE386E20-CF04-4B32-BF61-72DC779888BB}.Release|x64.Build.0 = Release|Any CPU
		{FE386E20-CF04-4B32-BF61-72DC779888BB}.Release|x86.ActiveCfg = Release|Any CPU
		{FE386E20-CF04-4B32-BF61-72DC779888BB}.Release|x86.Build.0 = Release|Any CPU
		{B6C134FD-6713-4713-992A-402DE17ED071}.Debug|Any CPU.ActiveCfg = Debug|Any CPU
		{B6C134FD-6713-4713-992A-402DE17ED071}.Debug|Any CPU.Build.0 = Debug|Any CPU
		{B6C134FD-6713-4713-992A-402DE17ED071}.Debug|x64.ActiveCfg = Debug|Any CPU
		{B6C134FD-6713-4713-992A-402DE17ED071}.Debug|x64.Build.0 = Debug|Any CPU
		{B6C134FD-6713-4713-992A-402DE17ED071}.Debug|x86.ActiveCfg = Debug|Any CPU
		{B6C134FD-6713-4713-992A-402DE17ED071}.Debug|x86.Build.0 = Debug|Any CPU
		{B6C134FD-6713-4713-992A-402DE17ED071}.Release|Any CPU.ActiveCfg = Release|Any CPU
		{B6C134FD-6713-4713-992A-402DE17ED071}.Release|Any CPU.Build.0 = Release|Any CPU
		{B6C134FD-6713-4713-992A-402DE17ED071}.Release|x64.ActiveCfg = Release|Any CPU
		{B6C134FD-6713-4713-992A-402DE17ED071}.Release|x64.Build.0 = Release|Any CPU
		{B6C134FD-6713-4713-992A-402DE17ED071}.Release|x86.ActiveCfg = Release|Any CPU
		{B6C134FD-6713-4713-992A-402DE17ED071}.Release|x86.Build.0 = Release|Any CPU
		{5DFFD22E-207E-44AB-AA7B-32936C11D165}.Debug|Any CPU.ActiveCfg = Debug|Any CPU
		{5DFFD22E-207E-44AB-AA7B-32936C11D165}.Debug|Any CPU.Build.0 = Debug|Any CPU
		{5DFFD22E-207E-44AB-AA7B-32936C11D165}.Debug|x64.ActiveCfg = Debug|Any CPU
		{5DFFD22E-207E-44AB-AA7B-32936C11D165}.Debug|x64.Build.0 = Debug|Any CPU
		{5DFFD22E-207E-44AB-AA7B-32936C11D165}.Debug|x86.ActiveCfg = Debug|Any CPU
		{5DFFD22E-207E-44AB-AA7B-32936C11D165}.Debug|x86.Build.0 = Debug|Any CPU
		{5DFFD22E-207E-44AB-AA7B-32936C11D165}.Release|Any CPU.ActiveCfg = Release|Any CPU
		{5DFFD22E-207E-44AB-AA7B-32936C11D165}.Release|Any CPU.Build.0 = Release|Any CPU
		{5DFFD22E-207E-44AB-AA7B-32936C11D165}.Release|x64.ActiveCfg = Release|Any CPU
		{5DFFD22E-207E-44AB-AA7B-32936C11D165}.Release|x64.Build.0 = Release|Any CPU
		{5DFFD22E-207E-44AB-AA7B-32936C11D165}.Release|x86.ActiveCfg = Release|Any CPU
		{5DFFD22E-207E-44AB-AA7B-32936C11D165}.Release|x86.Build.0 = Release|Any CPU
		{B4D35314-7AAC-42AA-97A6-96980E17CAD2}.Debug|Any CPU.ActiveCfg = Debug|Any CPU
		{B4D35314-7AAC-42AA-97A6-96980E17CAD2}.Debug|Any CPU.Build.0 = Debug|Any CPU
		{B4D35314-7AAC-42AA-97A6-96980E17CAD2}.Debug|x64.ActiveCfg = Debug|Any CPU
		{B4D35314-7AAC-42AA-97A6-96980E17CAD2}.Debug|x64.Build.0 = Debug|Any CPU
		{B4D35314-7AAC-42AA-97A6-96980E17CAD2}.Debug|x86.ActiveCfg = Debug|Any CPU
		{B4D35314-7AAC-42AA-97A6-96980E17CAD2}.Debug|x86.Build.0 = Debug|Any CPU
		{B4D35314-7AAC-42AA-97A6-96980E17CAD2}.Release|Any CPU.ActiveCfg = Release|Any CPU
		{B4D35314-7AAC-42AA-97A6-96980E17CAD2}.Release|Any CPU.Build.0 = Release|Any CPU
		{B4D35314-7AAC-42AA-97A6-96980E17CAD2}.Release|x64.ActiveCfg = Release|Any CPU
		{B4D35314-7AAC-42AA-97A6-96980E17CAD2}.Release|x64.Build.0 = Release|Any CPU
		{B4D35314-7AAC-42AA-97A6-96980E17CAD2}.Release|x86.ActiveCfg = Release|Any CPU
		{B4D35314-7AAC-42AA-97A6-96980E17CAD2}.Release|x86.Build.0 = Release|Any CPU
		{5F2E3822-F766-4D8E-8623-649732AEA044}.Debug|Any CPU.ActiveCfg = Debug|Any CPU
		{5F2E3822-F766-4D8E-8623-649732AEA044}.Debug|Any CPU.Build.0 = Debug|Any CPU
		{5F2E3822-F766-4D8E-8623-649732AEA044}.Debug|x64.ActiveCfg = Debug|Any CPU
		{5F2E3822-F766-4D8E-8623-649732AEA044}.Debug|x64.Build.0 = Debug|Any CPU
		{5F2E3822-F766-4D8E-8623-649732AEA044}.Debug|x86.ActiveCfg = Debug|Any CPU
		{5F2E3822-F766-4D8E-8623-649732AEA044}.Debug|x86.Build.0 = Debug|Any CPU
		{5F2E3822-F766-4D8E-8623-649732AEA044}.Release|Any CPU.ActiveCfg = Release|Any CPU
		{5F2E3822-F766-4D8E-8623-649732AEA044}.Release|Any CPU.Build.0 = Release|Any CPU
		{5F2E3822-F766-4D8E-8623-649732AEA044}.Release|x64.ActiveCfg = Release|Any CPU
		{5F2E3822-F766-4D8E-8623-649732AEA044}.Release|x64.Build.0 = Release|Any CPU
		{5F2E3822-F766-4D8E-8623-649732AEA044}.Release|x86.ActiveCfg = Release|Any CPU
		{5F2E3822-F766-4D8E-8623-649732AEA044}.Release|x86.Build.0 = Release|Any CPU
		{33187D2B-BD7E-4E98-AE2C-E348E8D7D78D}.Debug|Any CPU.ActiveCfg = Debug|Any CPU
		{33187D2B-BD7E-4E98-AE2C-E348E8D7D78D}.Debug|Any CPU.Build.0 = Debug|Any CPU
		{33187D2B-BD7E-4E98-AE2C-E348E8D7D78D}.Debug|x64.ActiveCfg = Debug|Any CPU
		{33187D2B-BD7E-4E98-AE2C-E348E8D7D78D}.Debug|x64.Build.0 = Debug|Any CPU
		{33187D2B-BD7E-4E98-AE2C-E348E8D7D78D}.Debug|x86.ActiveCfg = Debug|Any CPU
		{33187D2B-BD7E-4E98-AE2C-E348E8D7D78D}.Debug|x86.Build.0 = Debug|Any CPU
		{33187D2B-BD7E-4E98-AE2C-E348E8D7D78D}.Release|Any CPU.ActiveCfg = Release|Any CPU
		{33187D2B-BD7E-4E98-AE2C-E348E8D7D78D}.Release|Any CPU.Build.0 = Release|Any CPU
		{33187D2B-BD7E-4E98-AE2C-E348E8D7D78D}.Release|x64.ActiveCfg = Release|Any CPU
		{33187D2B-BD7E-4E98-AE2C-E348E8D7D78D}.Release|x64.Build.0 = Release|Any CPU
		{33187D2B-BD7E-4E98-AE2C-E348E8D7D78D}.Release|x86.ActiveCfg = Release|Any CPU
		{33187D2B-BD7E-4E98-AE2C-E348E8D7D78D}.Release|x86.Build.0 = Release|Any CPU
		{1702F2D6-8F86-4DFE-8685-76E72FE8E1B9}.Debug|Any CPU.ActiveCfg = Debug|Any CPU
		{1702F2D6-8F86-4DFE-8685-76E72FE8E1B9}.Debug|Any CPU.Build.0 = Debug|Any CPU
		{1702F2D6-8F86-4DFE-8685-76E72FE8E1B9}.Debug|x64.ActiveCfg = Debug|Any CPU
		{1702F2D6-8F86-4DFE-8685-76E72FE8E1B9}.Debug|x64.Build.0 = Debug|Any CPU
		{1702F2D6-8F86-4DFE-8685-76E72FE8E1B9}.Debug|x86.ActiveCfg = Debug|Any CPU
		{1702F2D6-8F86-4DFE-8685-76E72FE8E1B9}.Debug|x86.Build.0 = Debug|Any CPU
		{1702F2D6-8F86-4DFE-8685-76E72FE8E1B9}.Release|Any CPU.ActiveCfg = Release|Any CPU
		{1702F2D6-8F86-4DFE-8685-76E72FE8E1B9}.Release|Any CPU.Build.0 = Release|Any CPU
		{1702F2D6-8F86-4DFE-8685-76E72FE8E1B9}.Release|x64.ActiveCfg = Release|Any CPU
		{1702F2D6-8F86-4DFE-8685-76E72FE8E1B9}.Release|x64.Build.0 = Release|Any CPU
		{1702F2D6-8F86-4DFE-8685-76E72FE8E1B9}.Release|x86.ActiveCfg = Release|Any CPU
		{1702F2D6-8F86-4DFE-8685-76E72FE8E1B9}.Release|x86.Build.0 = Release|Any CPU
		{10F9E45A-F0F6-44FE-86BA-3256DC19CF0D}.Debug|Any CPU.ActiveCfg = Debug|Any CPU
		{10F9E45A-F0F6-44FE-86BA-3256DC19CF0D}.Debug|Any CPU.Build.0 = Debug|Any CPU
		{10F9E45A-F0F6-44FE-86BA-3256DC19CF0D}.Debug|x64.ActiveCfg = Debug|Any CPU
		{10F9E45A-F0F6-44FE-86BA-3256DC19CF0D}.Debug|x64.Build.0 = Debug|Any CPU
		{10F9E45A-F0F6-44FE-86BA-3256DC19CF0D}.Debug|x86.ActiveCfg = Debug|Any CPU
		{10F9E45A-F0F6-44FE-86BA-3256DC19CF0D}.Debug|x86.Build.0 = Debug|Any CPU
		{10F9E45A-F0F6-44FE-86BA-3256DC19CF0D}.Release|Any CPU.ActiveCfg = Release|Any CPU
		{10F9E45A-F0F6-44FE-86BA-3256DC19CF0D}.Release|Any CPU.Build.0 = Release|Any CPU
		{10F9E45A-F0F6-44FE-86BA-3256DC19CF0D}.Release|x64.ActiveCfg = Release|Any CPU
		{10F9E45A-F0F6-44FE-86BA-3256DC19CF0D}.Release|x64.Build.0 = Release|Any CPU
		{10F9E45A-F0F6-44FE-86BA-3256DC19CF0D}.Release|x86.ActiveCfg = Release|Any CPU
		{10F9E45A-F0F6-44FE-86BA-3256DC19CF0D}.Release|x86.Build.0 = Release|Any CPU
		{220146E0-2012-4CC8-B57D-48E5BA8B1F22}.Debug|Any CPU.ActiveCfg = Debug|Any CPU
		{220146E0-2012-4CC8-B57D-48E5BA8B1F22}.Debug|Any CPU.Build.0 = Debug|Any CPU
		{220146E0-2012-4CC8-B57D-48E5BA8B1F22}.Debug|x64.ActiveCfg = Debug|Any CPU
		{220146E0-2012-4CC8-B57D-48E5BA8B1F22}.Debug|x64.Build.0 = Debug|Any CPU
		{220146E0-2012-4CC8-B57D-48E5BA8B1F22}.Debug|x86.ActiveCfg = Debug|Any CPU
		{220146E0-2012-4CC8-B57D-48E5BA8B1F22}.Debug|x86.Build.0 = Debug|Any CPU
		{220146E0-2012-4CC8-B57D-48E5BA8B1F22}.Release|Any CPU.ActiveCfg = Release|Any CPU
		{220146E0-2012-4CC8-B57D-48E5BA8B1F22}.Release|Any CPU.Build.0 = Release|Any CPU
		{220146E0-2012-4CC8-B57D-48E5BA8B1F22}.Release|x64.ActiveCfg = Release|Any CPU
		{220146E0-2012-4CC8-B57D-48E5BA8B1F22}.Release|x64.Build.0 = Release|Any CPU
		{220146E0-2012-4CC8-B57D-48E5BA8B1F22}.Release|x86.ActiveCfg = Release|Any CPU
		{220146E0-2012-4CC8-B57D-48E5BA8B1F22}.Release|x86.Build.0 = Release|Any CPU
		{C3BF6AB1-B460-439C-92B7-68C6120B01D8}.Debug|Any CPU.ActiveCfg = Debug|Any CPU
		{C3BF6AB1-B460-439C-92B7-68C6120B01D8}.Debug|Any CPU.Build.0 = Debug|Any CPU
		{C3BF6AB1-B460-439C-92B7-68C6120B01D8}.Debug|x64.ActiveCfg = Debug|Any CPU
		{C3BF6AB1-B460-439C-92B7-68C6120B01D8}.Debug|x64.Build.0 = Debug|Any CPU
		{C3BF6AB1-B460-439C-92B7-68C6120B01D8}.Debug|x86.ActiveCfg = Debug|Any CPU
		{C3BF6AB1-B460-439C-92B7-68C6120B01D8}.Debug|x86.Build.0 = Debug|Any CPU
		{C3BF6AB1-B460-439C-92B7-68C6120B01D8}.Release|Any CPU.ActiveCfg = Release|Any CPU
		{C3BF6AB1-B460-439C-92B7-68C6120B01D8}.Release|Any CPU.Build.0 = Release|Any CPU
		{C3BF6AB1-B460-439C-92B7-68C6120B01D8}.Release|x64.ActiveCfg = Release|Any CPU
		{C3BF6AB1-B460-439C-92B7-68C6120B01D8}.Release|x64.Build.0 = Release|Any CPU
		{C3BF6AB1-B460-439C-92B7-68C6120B01D8}.Release|x86.ActiveCfg = Release|Any CPU
		{C3BF6AB1-B460-439C-92B7-68C6120B01D8}.Release|x86.Build.0 = Release|Any CPU
		{44849C2C-5FED-45F2-8FFE-052B9AC6F65D}.Debug|Any CPU.ActiveCfg = Debug|Any CPU
		{44849C2C-5FED-45F2-8FFE-052B9AC6F65D}.Debug|Any CPU.Build.0 = Debug|Any CPU
		{44849C2C-5FED-45F2-8FFE-052B9AC6F65D}.Debug|x64.ActiveCfg = Debug|Any CPU
		{44849C2C-5FED-45F2-8FFE-052B9AC6F65D}.Debug|x64.Build.0 = Debug|Any CPU
		{44849C2C-5FED-45F2-8FFE-052B9AC6F65D}.Debug|x86.ActiveCfg = Debug|Any CPU
		{44849C2C-5FED-45F2-8FFE-052B9AC6F65D}.Debug|x86.Build.0 = Debug|Any CPU
		{44849C2C-5FED-45F2-8FFE-052B9AC6F65D}.Release|Any CPU.ActiveCfg = Release|Any CPU
		{44849C2C-5FED-45F2-8FFE-052B9AC6F65D}.Release|Any CPU.Build.0 = Release|Any CPU
		{44849C2C-5FED-45F2-8FFE-052B9AC6F65D}.Release|x64.ActiveCfg = Release|Any CPU
		{44849C2C-5FED-45F2-8FFE-052B9AC6F65D}.Release|x64.Build.0 = Release|Any CPU
		{44849C2C-5FED-45F2-8FFE-052B9AC6F65D}.Release|x86.ActiveCfg = Release|Any CPU
		{44849C2C-5FED-45F2-8FFE-052B9AC6F65D}.Release|x86.Build.0 = Release|Any CPU
		{644F877B-A0D7-4991-828D-D057AACAA335}.Debug|Any CPU.ActiveCfg = Debug|Any CPU
		{644F877B-A0D7-4991-828D-D057AACAA335}.Debug|Any CPU.Build.0 = Debug|Any CPU
		{644F877B-A0D7-4991-828D-D057AACAA335}.Debug|x64.ActiveCfg = Debug|Any CPU
		{644F877B-A0D7-4991-828D-D057AACAA335}.Debug|x64.Build.0 = Debug|Any CPU
		{644F877B-A0D7-4991-828D-D057AACAA335}.Debug|x86.ActiveCfg = Debug|Any CPU
		{644F877B-A0D7-4991-828D-D057AACAA335}.Debug|x86.Build.0 = Debug|Any CPU
		{644F877B-A0D7-4991-828D-D057AACAA335}.Release|Any CPU.ActiveCfg = Release|Any CPU
		{644F877B-A0D7-4991-828D-D057AACAA335}.Release|Any CPU.Build.0 = Release|Any CPU
		{644F877B-A0D7-4991-828D-D057AACAA335}.Release|x64.ActiveCfg = Release|Any CPU
		{644F877B-A0D7-4991-828D-D057AACAA335}.Release|x64.Build.0 = Release|Any CPU
		{644F877B-A0D7-4991-828D-D057AACAA335}.Release|x86.ActiveCfg = Release|Any CPU
		{644F877B-A0D7-4991-828D-D057AACAA335}.Release|x86.Build.0 = Release|Any CPU
		{DB612FE8-AF6A-4323-B162-4D728C3A8FFA}.Debug|Any CPU.ActiveCfg = Debug|Any CPU
		{DB612FE8-AF6A-4323-B162-4D728C3A8FFA}.Debug|Any CPU.Build.0 = Debug|Any CPU
		{DB612FE8-AF6A-4323-B162-4D728C3A8FFA}.Debug|x64.ActiveCfg = Debug|Any CPU
		{DB612FE8-AF6A-4323-B162-4D728C3A8FFA}.Debug|x64.Build.0 = Debug|Any CPU
		{DB612FE8-AF6A-4323-B162-4D728C3A8FFA}.Debug|x86.ActiveCfg = Debug|Any CPU
		{DB612FE8-AF6A-4323-B162-4D728C3A8FFA}.Debug|x86.Build.0 = Debug|Any CPU
		{DB612FE8-AF6A-4323-B162-4D728C3A8FFA}.Release|Any CPU.ActiveCfg = Release|Any CPU
		{DB612FE8-AF6A-4323-B162-4D728C3A8FFA}.Release|Any CPU.Build.0 = Release|Any CPU
		{DB612FE8-AF6A-4323-B162-4D728C3A8FFA}.Release|x64.ActiveCfg = Release|Any CPU
		{DB612FE8-AF6A-4323-B162-4D728C3A8FFA}.Release|x64.Build.0 = Release|Any CPU
		{DB612FE8-AF6A-4323-B162-4D728C3A8FFA}.Release|x86.ActiveCfg = Release|Any CPU
		{DB612FE8-AF6A-4323-B162-4D728C3A8FFA}.Release|x86.Build.0 = Release|Any CPU
		{612D2B93-EA0A-43CE-AB4E-F981AA98E08E}.Debug|Any CPU.ActiveCfg = Debug|Any CPU
		{612D2B93-EA0A-43CE-AB4E-F981AA98E08E}.Debug|Any CPU.Build.0 = Debug|Any CPU
		{612D2B93-EA0A-43CE-AB4E-F981AA98E08E}.Debug|x64.ActiveCfg = Debug|Any CPU
		{612D2B93-EA0A-43CE-AB4E-F981AA98E08E}.Debug|x64.Build.0 = Debug|Any CPU
		{612D2B93-EA0A-43CE-AB4E-F981AA98E08E}.Debug|x86.ActiveCfg = Debug|Any CPU
		{612D2B93-EA0A-43CE-AB4E-F981AA98E08E}.Debug|x86.Build.0 = Debug|Any CPU
		{612D2B93-EA0A-43CE-AB4E-F981AA98E08E}.Release|Any CPU.ActiveCfg = Release|Any CPU
		{612D2B93-EA0A-43CE-AB4E-F981AA98E08E}.Release|Any CPU.Build.0 = Release|Any CPU
		{612D2B93-EA0A-43CE-AB4E-F981AA98E08E}.Release|x64.ActiveCfg = Release|Any CPU
		{612D2B93-EA0A-43CE-AB4E-F981AA98E08E}.Release|x64.Build.0 = Release|Any CPU
		{612D2B93-EA0A-43CE-AB4E-F981AA98E08E}.Release|x86.ActiveCfg = Release|Any CPU
		{612D2B93-EA0A-43CE-AB4E-F981AA98E08E}.Release|x86.Build.0 = Release|Any CPU
		{DB8CCC93-9105-47EC-A1BD-C6A951B89426}.Debug|Any CPU.ActiveCfg = Debug|Any CPU
		{DB8CCC93-9105-47EC-A1BD-C6A951B89426}.Debug|Any CPU.Build.0 = Debug|Any CPU
		{DB8CCC93-9105-47EC-A1BD-C6A951B89426}.Debug|x64.ActiveCfg = Debug|Any CPU
		{DB8CCC93-9105-47EC-A1BD-C6A951B89426}.Debug|x64.Build.0 = Debug|Any CPU
		{DB8CCC93-9105-47EC-A1BD-C6A951B89426}.Debug|x86.ActiveCfg = Debug|Any CPU
		{DB8CCC93-9105-47EC-A1BD-C6A951B89426}.Debug|x86.Build.0 = Debug|Any CPU
		{DB8CCC93-9105-47EC-A1BD-C6A951B89426}.Release|Any CPU.ActiveCfg = Release|Any CPU
		{DB8CCC93-9105-47EC-A1BD-C6A951B89426}.Release|Any CPU.Build.0 = Release|Any CPU
		{DB8CCC93-9105-47EC-A1BD-C6A951B89426}.Release|x64.ActiveCfg = Release|Any CPU
		{DB8CCC93-9105-47EC-A1BD-C6A951B89426}.Release|x64.Build.0 = Release|Any CPU
		{DB8CCC93-9105-47EC-A1BD-C6A951B89426}.Release|x86.ActiveCfg = Release|Any CPU
		{DB8CCC93-9105-47EC-A1BD-C6A951B89426}.Release|x86.Build.0 = Release|Any CPU
		{9FD3F158-D8B5-4A87-8C32-A5D5A03DE3CF}.Debug|Any CPU.ActiveCfg = Debug|Any CPU
		{9FD3F158-D8B5-4A87-8C32-A5D5A03DE3CF}.Debug|Any CPU.Build.0 = Debug|Any CPU
		{9FD3F158-D8B5-4A87-8C32-A5D5A03DE3CF}.Debug|x64.ActiveCfg = Debug|Any CPU
		{9FD3F158-D8B5-4A87-8C32-A5D5A03DE3CF}.Debug|x64.Build.0 = Debug|Any CPU
		{9FD3F158-D8B5-4A87-8C32-A5D5A03DE3CF}.Debug|x86.ActiveCfg = Debug|Any CPU
		{9FD3F158-D8B5-4A87-8C32-A5D5A03DE3CF}.Debug|x86.Build.0 = Debug|Any CPU
		{9FD3F158-D8B5-4A87-8C32-A5D5A03DE3CF}.Release|Any CPU.ActiveCfg = Release|Any CPU
		{9FD3F158-D8B5-4A87-8C32-A5D5A03DE3CF}.Release|Any CPU.Build.0 = Release|Any CPU
		{9FD3F158-D8B5-4A87-8C32-A5D5A03DE3CF}.Release|x64.ActiveCfg = Release|Any CPU
		{9FD3F158-D8B5-4A87-8C32-A5D5A03DE3CF}.Release|x64.Build.0 = Release|Any CPU
		{9FD3F158-D8B5-4A87-8C32-A5D5A03DE3CF}.Release|x86.ActiveCfg = Release|Any CPU
		{9FD3F158-D8B5-4A87-8C32-A5D5A03DE3CF}.Release|x86.Build.0 = Release|Any CPU
		{395EC7D7-2BE3-4D9F-8619-1D6968A49989}.Debug|Any CPU.ActiveCfg = Debug|Any CPU
		{395EC7D7-2BE3-4D9F-8619-1D6968A49989}.Debug|Any CPU.Build.0 = Debug|Any CPU
		{395EC7D7-2BE3-4D9F-8619-1D6968A49989}.Debug|x64.ActiveCfg = Debug|Any CPU
		{395EC7D7-2BE3-4D9F-8619-1D6968A49989}.Debug|x64.Build.0 = Debug|Any CPU
		{395EC7D7-2BE3-4D9F-8619-1D6968A49989}.Debug|x86.ActiveCfg = Debug|Any CPU
		{395EC7D7-2BE3-4D9F-8619-1D6968A49989}.Debug|x86.Build.0 = Debug|Any CPU
		{395EC7D7-2BE3-4D9F-8619-1D6968A49989}.Release|Any CPU.ActiveCfg = Release|Any CPU
		{395EC7D7-2BE3-4D9F-8619-1D6968A49989}.Release|Any CPU.Build.0 = Release|Any CPU
		{395EC7D7-2BE3-4D9F-8619-1D6968A49989}.Release|x64.ActiveCfg = Release|Any CPU
		{395EC7D7-2BE3-4D9F-8619-1D6968A49989}.Release|x64.Build.0 = Release|Any CPU
		{395EC7D7-2BE3-4D9F-8619-1D6968A49989}.Release|x86.ActiveCfg = Release|Any CPU
		{395EC7D7-2BE3-4D9F-8619-1D6968A49989}.Release|x86.Build.0 = Release|Any CPU
		{E58D569C-406B-46BA-B2C9-57DF45D7A5C2}.Debug|Any CPU.ActiveCfg = Debug|Any CPU
		{E58D569C-406B-46BA-B2C9-57DF45D7A5C2}.Debug|Any CPU.Build.0 = Debug|Any CPU
		{E58D569C-406B-46BA-B2C9-57DF45D7A5C2}.Debug|x64.ActiveCfg = Debug|Any CPU
		{E58D569C-406B-46BA-B2C9-57DF45D7A5C2}.Debug|x64.Build.0 = Debug|Any CPU
		{E58D569C-406B-46BA-B2C9-57DF45D7A5C2}.Debug|x86.ActiveCfg = Debug|Any CPU
		{E58D569C-406B-46BA-B2C9-57DF45D7A5C2}.Debug|x86.Build.0 = Debug|Any CPU
		{E58D569C-406B-46BA-B2C9-57DF45D7A5C2}.Release|Any CPU.ActiveCfg = Release|Any CPU
		{E58D569C-406B-46BA-B2C9-57DF45D7A5C2}.Release|Any CPU.Build.0 = Release|Any CPU
		{E58D569C-406B-46BA-B2C9-57DF45D7A5C2}.Release|x64.ActiveCfg = Release|Any CPU
		{E58D569C-406B-46BA-B2C9-57DF45D7A5C2}.Release|x64.Build.0 = Release|Any CPU
		{E58D569C-406B-46BA-B2C9-57DF45D7A5C2}.Release|x86.ActiveCfg = Release|Any CPU
		{E58D569C-406B-46BA-B2C9-57DF45D7A5C2}.Release|x86.Build.0 = Release|Any CPU
		{D91A0534-81FF-4884-82A7-07736576E3C2}.Debug|Any CPU.ActiveCfg = Debug|Any CPU
		{D91A0534-81FF-4884-82A7-07736576E3C2}.Debug|Any CPU.Build.0 = Debug|Any CPU
		{D91A0534-81FF-4884-82A7-07736576E3C2}.Debug|x64.ActiveCfg = Debug|Any CPU
		{D91A0534-81FF-4884-82A7-07736576E3C2}.Debug|x64.Build.0 = Debug|Any CPU
		{D91A0534-81FF-4884-82A7-07736576E3C2}.Debug|x86.ActiveCfg = Debug|Any CPU
		{D91A0534-81FF-4884-82A7-07736576E3C2}.Debug|x86.Build.0 = Debug|Any CPU
		{D91A0534-81FF-4884-82A7-07736576E3C2}.Release|Any CPU.ActiveCfg = Release|Any CPU
		{D91A0534-81FF-4884-82A7-07736576E3C2}.Release|Any CPU.Build.0 = Release|Any CPU
		{D91A0534-81FF-4884-82A7-07736576E3C2}.Release|x64.ActiveCfg = Release|Any CPU
		{D91A0534-81FF-4884-82A7-07736576E3C2}.Release|x64.Build.0 = Release|Any CPU
		{D91A0534-81FF-4884-82A7-07736576E3C2}.Release|x86.ActiveCfg = Release|Any CPU
		{D91A0534-81FF-4884-82A7-07736576E3C2}.Release|x86.Build.0 = Release|Any CPU
		{2C5AE432-4F94-47FF-A7A0-ED6C9B221DD0}.Debug|Any CPU.ActiveCfg = Debug|Any CPU
		{2C5AE432-4F94-47FF-A7A0-ED6C9B221DD0}.Debug|Any CPU.Build.0 = Debug|Any CPU
		{2C5AE432-4F94-47FF-A7A0-ED6C9B221DD0}.Debug|x64.ActiveCfg = Debug|Any CPU
		{2C5AE432-4F94-47FF-A7A0-ED6C9B221DD0}.Debug|x64.Build.0 = Debug|Any CPU
		{2C5AE432-4F94-47FF-A7A0-ED6C9B221DD0}.Debug|x86.ActiveCfg = Debug|Any CPU
		{2C5AE432-4F94-47FF-A7A0-ED6C9B221DD0}.Debug|x86.Build.0 = Debug|Any CPU
		{2C5AE432-4F94-47FF-A7A0-ED6C9B221DD0}.Release|Any CPU.ActiveCfg = Release|Any CPU
		{2C5AE432-4F94-47FF-A7A0-ED6C9B221DD0}.Release|Any CPU.Build.0 = Release|Any CPU
		{2C5AE432-4F94-47FF-A7A0-ED6C9B221DD0}.Release|x64.ActiveCfg = Release|Any CPU
		{2C5AE432-4F94-47FF-A7A0-ED6C9B221DD0}.Release|x64.Build.0 = Release|Any CPU
		{2C5AE432-4F94-47FF-A7A0-ED6C9B221DD0}.Release|x86.ActiveCfg = Release|Any CPU
		{2C5AE432-4F94-47FF-A7A0-ED6C9B221DD0}.Release|x86.Build.0 = Release|Any CPU
		{1C500430-68FC-4EAE-A059-E8E848F12F25}.Debug|Any CPU.ActiveCfg = Debug|Any CPU
		{1C500430-68FC-4EAE-A059-E8E848F12F25}.Debug|Any CPU.Build.0 = Debug|Any CPU
		{1C500430-68FC-4EAE-A059-E8E848F12F25}.Debug|x64.ActiveCfg = Debug|Any CPU
		{1C500430-68FC-4EAE-A059-E8E848F12F25}.Debug|x64.Build.0 = Debug|Any CPU
		{1C500430-68FC-4EAE-A059-E8E848F12F25}.Debug|x86.ActiveCfg = Debug|Any CPU
		{1C500430-68FC-4EAE-A059-E8E848F12F25}.Debug|x86.Build.0 = Debug|Any CPU
		{1C500430-68FC-4EAE-A059-E8E848F12F25}.Release|Any CPU.ActiveCfg = Release|Any CPU
		{1C500430-68FC-4EAE-A059-E8E848F12F25}.Release|Any CPU.Build.0 = Release|Any CPU
		{1C500430-68FC-4EAE-A059-E8E848F12F25}.Release|x64.ActiveCfg = Release|Any CPU
		{1C500430-68FC-4EAE-A059-E8E848F12F25}.Release|x64.Build.0 = Release|Any CPU
		{1C500430-68FC-4EAE-A059-E8E848F12F25}.Release|x86.ActiveCfg = Release|Any CPU
		{1C500430-68FC-4EAE-A059-E8E848F12F25}.Release|x86.Build.0 = Release|Any CPU
		{83F0687B-C600-41F2-AAE4-D9275C852CFC}.Debug|Any CPU.ActiveCfg = Debug|Any CPU
		{83F0687B-C600-41F2-AAE4-D9275C852CFC}.Debug|Any CPU.Build.0 = Debug|Any CPU
		{83F0687B-C600-41F2-AAE4-D9275C852CFC}.Debug|x64.ActiveCfg = Debug|Any CPU
		{83F0687B-C600-41F2-AAE4-D9275C852CFC}.Debug|x64.Build.0 = Debug|Any CPU
		{83F0687B-C600-41F2-AAE4-D9275C852CFC}.Debug|x86.ActiveCfg = Debug|Any CPU
		{83F0687B-C600-41F2-AAE4-D9275C852CFC}.Debug|x86.Build.0 = Debug|Any CPU
		{83F0687B-C600-41F2-AAE4-D9275C852CFC}.Release|Any CPU.ActiveCfg = Release|Any CPU
		{83F0687B-C600-41F2-AAE4-D9275C852CFC}.Release|Any CPU.Build.0 = Release|Any CPU
		{83F0687B-C600-41F2-AAE4-D9275C852CFC}.Release|x64.ActiveCfg = Release|Any CPU
		{83F0687B-C600-41F2-AAE4-D9275C852CFC}.Release|x64.Build.0 = Release|Any CPU
		{83F0687B-C600-41F2-AAE4-D9275C852CFC}.Release|x86.ActiveCfg = Release|Any CPU
		{83F0687B-C600-41F2-AAE4-D9275C852CFC}.Release|x86.Build.0 = Release|Any CPU
	EndGlobalSection
EndGlobal
